
Microsoft Visual Studio Solution File, Format Version 12.00
# Visual Studio Version 16
VisualStudioVersion = 16.0.30225.117
MinimumVisualStudioVersion = 10.0.40219.1
Project("{FAE04EC0-301F-11D3-BF4B-00C04F79EFBC}") = "AutoLotManager.Desktop", "AutoLotManager.Desktop\AutoLotManager.Desktop.csproj", "{EC61E450-C42D-4337-9623-D6979E1DDEA2}"
EndProject
Project("{FAE04EC0-301F-11D3-BF4B-00C04F79EFBC}") = "AutoLotManager.ViewModel", "AutoLotManager.ViewModel\AutoLotManager.ViewModel.csproj", "{EF4A4BFC-73E8-4F50-8228-ED7EE36A27CE}"
EndProject
Global
	GlobalSection(SolutionConfigurationPlatforms) = preSolution
		Debug|Any CPU = Debug|Any CPU
		Release|Any CPU = Release|Any CPU
	EndGlobalSection
	GlobalSection(ProjectConfigurationPlatforms) = postSolution
		{EC61E450-C42D-4337-9623-D6979E1DDEA2}.Debug|Any CPU.ActiveCfg = Debug|Any CPU
		{EC61E450-C42D-4337-9623-D6979E1DDEA2}.Debug|Any CPU.Build.0 = Debug|Any CPU
		{EC61E450-C42D-4337-9623-D6979E1DDEA2}.Release|Any CPU.ActiveCfg = Release|Any CPU
		{EC61E450-C42D-4337-9623-D6979E1DDEA2}.Release|Any CPU.Build.0 = Release|Any CPU
		{EF4A4BFC-73E8-4F50-8228-ED7EE36A27CE}.Debug|Any CPU.ActiveCfg = Debug|Any CPU
		{EF4A4BFC-73E8-4F50-8228-ED7EE36A27CE}.Debug|Any CPU.Build.0 = Debug|Any CPU
		{EF4A4BFC-73E8-4F50-8228-ED7EE36A27CE}.Release|Any CPU.ActiveCfg = Release|Any CPU
		{EF4A4BFC-73E8-4F50-8228-ED7EE36A27CE}.Release|Any CPU.Build.0 = Release|Any CPU
	EndGlobalSection
	GlobalSection(SolutionProperties) = preSolution
		HideSolutionNode = FALSE
	EndGlobalSection
	GlobalSection(ExtensibilityGlobals) = postSolution
		SolutionGuid = {F6946357-9C54-4BD6-8028-85FA7E17A32D}
	EndGlobalSection
EndGlobal
